name: Regenerate Linux Lock
on:
  workflow_dispatch:

jobs:
  lock:
    runs-on: ubuntu-latest
    steps:
      - uses: actions/checkout@v4
      - uses: actions/setup-node@v4
        with:
          node-version: 22
      - run: rm -rf node_modules package-lock.json
      - run: npm install
      - uses: stefanzweifel/git-auto-commit-action@v5
        with:
          commit_message: "fix: regenerate lock on linux"